github.com/alecthomas/go-check-sumtype v0.5.0 h1:yIFGZYGU5xv64lXp0llRhji/d/kDfS6AaqOI+wAxTqM=
github.com/alecthomas/go-check-sumtype v0.5.0/go.mod h1:z2jV5/4nQ3XRzKG7PMrJ46DE2NtdnMjQA/fzfzWH81Q=
github.com/kisielk/errcheck v1.20.0 h1:9rwHBNKzd4wkDWcROy3DvFGNqEPlkxBg305rvk7HabI=
github.com/kisielk/errcheck v1.20.0/go.mod h1:O+f80MKNwX8Oor2jwgpeQ9An7uJm+hRSgT+h22knRJU=
github.com/klauspost/compress v1.20.0 h1:a3C1ke2ohxFymNlb2HWAHjDeKCI90scRskErZkR0ezA=
github.com/klauspost/compress v1.20.0/go.mod h1:LUdAzn7YLVvxLpc7y3V1m40wESHTgc1422pwwBSKYuI=
github.com/nishanths/exhaustive v0.13.0 h1:Rof0axOSNQaaPaPmLK5RxcRrJV2Vcv+vfUmuRy+2EAM=
github.com/nishanths/exhaustive v0.13.0/go.mod h1:3/adQjJgvD/UFHHSYBjpK9Wbz8DOvf0FBtzx+zI0Rlo=
go.uber.org/nilaway v0.0.0-20260918162853-acb8859b9031 h1:WRbdrL7q1+PV8w97QZDQUlCnyM0aKHrpMizqHM+reWc=
go.uber.org/nilaway v0.0.0-20260918162853-acb8859b9031/go.mod h1:h/Z4MnNYOaqAjgJglu/yah/YzvCdcJDvDth5TWUqIJc=
golang.org/x/exp/typeparams v0.0.0-20260908205506-85c1c2202aba h1:ZoZmFkcuQ289xJilBm9Ck3W+/okrhXc4LUpbtKFQE4k=
golang.org/x/exp/typeparams v0.0.0-20260908205506-85c1c2202aba/go.mod h1:qkMnvgP8C7+xkci04txL2SJFc/0PGqnkf6gs5JUC43E=
golang.org/x/mod v0.41.0 h1:qJmnOUb4YB+FsEuM3HcWucdZASCPGhsX6uljO6pog0c=
golang.org/x/mod v0.41.0/go.mod h1:Ek9pY8RKWXwsWvd3rQiHYtMqkjSUV+s1Rj7j4H5Ur6o=
golang.org/x/sync v0.23.0 h1:KameEIfc1IkluZyXWLn39Wd4tURc6GbCiISGiZm2bQk=
golang.org/x/sync v0.23.0/go.mod h1:sUUOizhqBxiL6pEWpqNLUiaJn1ShEbZ6BBqskPbjZm0=
golang.org/x/sys v0.48.0 h1:bbX/i/6MgT9BVLM9RT1thmxL04yeTAhbEz4SyadbXoo=
golang.org/x/sys v0.48.0/go.mod h1:hNLxWAXmnKAxqDtdwIYC4bM9oQPEecfsnNMuSxOs3og=
golang.org/x/telemetry v0.0.0-20260908163034-4bcc4b2ee518 h1:F5BWKvW126NXR74uxkxuc1jQHhm/rwm/J3rSiFyuRs4=
golang.org/x/telemetry v0.0.0-20260908163034-4bcc4b2ee518/go.mod h1:i+ivNqjDnTF3WTElsdk5g9V5DTSBYgdNo7xTU9SDwYA=
golang.org/x/tools v0.50.0 h1:c2ifzfcuY7L90lZ2aKd8S4K2NpASF08SZx9ZuJkHmSU=
golang.org/x/tools v0.50.0/go.mod h1:7ulVMw3831Mwi5EZD6RomGyffr4VFjuNYXf2BbCEAV0=
golang.org/x/vuln v1.8.0 h1:clG4qBU6zH5VKjti8n5j8BBuYzoSha392xXMkXS351U=
golang.org/x/vuln v1.8.0/go.mod h1:Fzm4XK3Hbl1ZvZ7JpNTEWb7CJWOZ7m2LX0GLu4Fsrwo=
mvdan.cc/gofumpt v0.12.0 h1:1Lbudkz2kpM9Cjz2pL4M19u7q+GaEhCTNf7N9mfpcho=
mvdan.cc/gofumpt v0.12.0/go.mod h1:SmBHHrljiZu/uoypeKup3rFzP6eoC9UwCp2iH5E3jZA=
